
Microsoft Visual Studio Solution File, Format Version 12.00
# Visual Studio Version 17
VisualStudioVersion = 17.6.33723.286
MinimumVisualStudioVersion = 10.0.40219.1
Project("{9A19103F-16F7-4668-BE54-9A1E7A4F7556}") = "BlazingFood.Server", "Server\BlazingFood.Server.csproj", "{FE21A4A6-7518-4F8D-BAFA-643E637E3989}"
EndProject
Project("{9A19103F-16F7-4668-BE54-9A1E7A4F7556}") = "BlazingFood.Client", "Client\BlazingFood.Client.csproj", "{00F6B934-1D2F-47B8-87EC-2BE48BA0DF76}"
EndProject
Project("{9A19103F-16F7-4668-BE54-9A1E7A4F7556}") = "BlazingFood.Shared", "Shared\BlazingFood.Shared.csproj", "{359835C5-496D-4EB5-BC80-6C3A0D982B5B}"
EndProject
Project("{9A19103F-16F7-4668-BE54-9A1E7A4F7556}") = "BlazingFoodTestsAcceptance", "BlazingFoodTestsAcceptance\BlazingFoodTestsAcceptance.csproj", "{3D0CAB77-833A-46D1-AD0B-EAB9F2458770}"
EndProject
Project("{9A19103F-16F7-4668-BE54-9A1E7A4F7556}") = "BlazingFoodTestsIntegration", "BlazingFoodTestsIntegration\BlazingFoodTestsIntegration.csproj", "{6B743A44-3251-420F-B58A-E9565A517D7E}"
EndProject
Project("{9A19103F-16F7-4668-BE54-9A1E7A4F7556}") = "BlazingFoodInfrastructureBuild", "BlazingFoodInfrastructureBuild\BlazingFoodInfrastructureBuild.csproj", "{AF481275-7DA4-4709-B26D-E9AB0221984E}"
EndProject
Global
	GlobalSection(SolutionConfigurationPlatforms) = preSolution
		Debug|Any CPU = Debug|Any CPU
		Release|Any CPU = Release|Any CPU
	EndGlobalSection
	GlobalSection(ProjectConfigurationPlatforms) = postSolution
		{FE21A4A6-7518-4F8D-BAFA-643E637E3989}.Debug|Any CPU.ActiveCfg = Debug|Any CPU
		{FE21A4A6-7518-4F8D-BAFA-643E637E3989}.Debug|Any CPU.Build.0 = Debug|Any CPU
		{FE21A4A6-7518-4F8D-BAFA-643E637E3989}.Release|Any CPU.ActiveCfg = Release|Any CPU
		{FE21A4A6-7518-4F8D-BAFA-643E637E3989}.Release|Any CPU.Build.0 = Release|Any CPU
		{00F6B934-1D2F-47B8-87EC-2BE48BA0DF76}.Debug|Any CPU.ActiveCfg = Debug|Any CPU
		{00F6B934-1D2F-47B8-87EC-2BE48BA0DF76}.Debug|Any CPU.Build.0 = Debug|Any CPU
		{00F6B934-1D2F-47B8-87EC-2BE48BA0DF76}.Release|Any CPU.ActiveCfg = Release|Any CPU
		{00F6B934-1D2F-47B8-87EC-2BE48BA0DF76}.Release|Any CPU.Build.0 = Release|Any CPU
		{359835C5-496D-4EB5-BC80-6C3A0D982B5B}.Debug|Any CPU.ActiveCfg = Debug|Any CPU
		{359835C5-496D-4EB5-BC80-6C3A0D982B5B}.Debug|Any CPU.Build.0 = Debug|Any CPU
		{359835C5-496D-4EB5-BC80-6C3A0D982B5B}.Release|Any CPU.ActiveCfg = Release|Any CPU
		{359835C5-496D-4EB5-BC80-6C3A0D982B5B}.Release|Any CPU.Build.0 = Release|Any CPU
		{3D0CAB77-833A-46D1-AD0B-EAB9F2458770}.Debug|Any CPU.ActiveCfg = Debug|Any CPU
		{3D0CAB77-833A-46D1-AD0B-EAB9F2458770}.Debug|Any CPU.Build.0 = Debug|Any CPU
		{3D0CAB77-833A-46D1-AD0B-EAB9F2458770}.Release|Any CPU.ActiveCfg = Release|Any CPU
		{3D0CAB77-833A-46D1-AD0B-EAB9F2458770}.Release|Any CPU.Build.0 = Release|Any CPU
		{6B743A44-3251-420F-B58A-E9565A517D7E}.Debug|Any CPU.ActiveCfg = Debug|Any CPU
		{6B743A44-3251-420F-B58A-E9565A517D7E}.Debug|Any CPU.Build.0 = Debug|Any CPU
		{6B743A44-3251-420F-B58A-E9565A517D7E}.Release|Any CPU.ActiveCfg = Release|Any CPU
		{6B743A44-3251-420F-B58A-E9565A517D7E}.Release|Any CPU.Build.0 = Release|Any CPU
		{AF481275-7DA4-4709-B26D-E9AB0221984E}.Debug|Any CPU.ActiveCfg = Debug|Any CPU
		{AF481275-7DA4-4709-B26D-E9AB0221984E}.Debug|Any CPU.Build.0 = Debug|Any CPU
		{AF481275-7DA4-4709-B26D-E9AB0221984E}.Release|Any CPU.ActiveCfg = Release|Any CPU
		{AF481275-7DA4-4709-B26D-E9AB0221984E}.Release|Any CPU.Build.0 = Release|Any CPU
	EndGlobalSection
	GlobalSection(SolutionProperties) = preSolution
		HideSolutionNode = FALSE
	EndGlobalSection
	GlobalSection(ExtensibilityGlobals) = postSolution
		SolutionGuid = {AB6DAB0E-4360-47A3-8B6E-C2C2DBDF967A}
	EndGlobalSection
EndGlobal
